// !$*UTF8*$!
{
	archiveVersion = 1;
	classes = {
	};
	objectVersion = 56;
	objects = {

/* Begin PBXBuildFile section */
		63F322352AE29233004611F9 /* MoneyConversorApp.swift in Sources */ = {isa = PBXBuildFile; fileRef = 63F322342AE29233004611F9 /* MoneyConversorApp.swift */; };
		63F322372AE29233004611F9 /* ContentView.swift in Sources */ = {isa = PBXBuildFile; fileRef = 63F322362AE29233004611F9 /* ContentView.swift */; };
		63F322392AE29234004611F9 /* Assets.xcassets in Resources */ = {isa = PBXBuildFile; fileRef = 63F322382AE29234004611F9 /* Assets.xcassets */; };
		63F3223C2AE29234004611F9 /* Preview Assets.xcassets in Resources */ = {isa = PBXBuildFile; fileRef = 63F3223B2AE29234004611F9 /* Preview Assets.xcassets */; };
		63F322462AE29234004611F9 /* MoneyConversorTests.swift in Sources */ = {isa = PBXBuildFile; fileRef = 63F322452AE29234004611F9 /* MoneyConversorTests.swift */; };
		63F322502AE29234004611F9 /* MoneyConversorUITests.swift in Sources */ = {isa = PBXBuildFile; fileRef = 63F3224F2AE29234004611F9 /* MoneyConversorUITests.swift */; };
		63F322522AE29234004611F9 /* MoneyConversorUITestsLaunchTests.swift in Sources */ = {isa = PBXBuildFile; fileRef = 63F322512AE29234004611F9 /* MoneyConversorUITestsLaunchTests.swift */; };
		63F3225F2AE2926E004611F9 /* NoteModel.swift in Sources */ = {isa = PBXBuildFile; fileRef = 63F3225E2AE2926E004611F9 /* NoteModel.swift */; };
		63F322612AE2927F004611F9 /* NoteViewModel.swift in Sources */ = {isa = PBXBuildFile; fileRef = 63F322602AE2927F004611F9 /* NoteViewModel.swift */; };
/* End PBXBuildFile section */

/* Begin PBXContainerItemProxy section */
		63F322422AE29234004611F9 /* PBXContainerItemProxy */ = {
			isa = PBXContainerItemProxy;
			containerPortal = 63F322292AE29233004611F9 /* Project object */;
			proxyType = 1;
			remoteGlobalIDString = 63F322302AE29233004611F9;
			remoteInfo = MoneyConversor;
		};
		63F3224C2AE29234004611F9 /* PBXContainerItemProxy */ = {
			isa = PBXContainerItemProxy;
			containerPortal = 63F322292AE29233004611F9 /* Project object */;
			proxyType = 1;
			remoteGlobalIDString = 63F322302AE29233004611F9;
			remoteInfo = MoneyConversor;
		};
/* End PBXContainerItemProxy section */

/* Begin PBXFileReference section */
		63F322312AE29233004611F9 /* MoneyConversor.app */ = {isa = PBXFileReference; explicitFileType = wrapper.application; includeInIndex = 0; path = MoneyConversor.app; sourceTree = BUILT_PRODUCTS_DIR; };
		63F322342AE29233004611F9 /* MoneyConversorApp.swift */ = {isa = PBXFileReference; lastKnownFileType = sourcecode.swift; path = MoneyConversorApp.swift; sourceTree = "<group>"; };
		63F322362AE29233004611F9 /* ContentView.swift */ = {isa = PBXFileReference; lastKnownFileType = sourcecode.swift; path = ContentView.swift; sourceTree = "<group>"; };
		63F322382AE29234004611F9 /* Assets.xcassets */ = {isa = PBXFileReference; lastKnownFileType = folder.assetcatalog; path = Assets.xcassets; sourceTree = "<group>"; };
		63F3223B2AE29234004611F9 /* Preview Assets.xcassets */ = {isa = PBXFileReference; lastKnownFileType = folder.assetcatalog; path = "Preview Assets.xcassets"; sourceTree = "<group>"; };
		63F322412AE29234004611F9 /* MoneyConversorTests.xctest */ = {isa = PBXFileReference; explicitFileType = wrapper.cfbundle; includeInIndex = 0; path = MoneyConversorTests.xctest; sourceTree = BUILT_PRODUCTS_DIR; };
		63F322452AE29234004611F9 /* MoneyConversorTests.swift */ = {isa = PBXFileReference; lastKnownFileType = sourcecode.swift; path = MoneyConversorTests.swift; sourceTree = "<group>"; };
		63F3224B2AE29234004611F9 /* MoneyConversorUITests.xctest */ = {isa = PBXFileReference; explicitFileType = wrapper.cfbundle; includeInIndex = 0; path = MoneyConversorUITests.xctest; sourceTree = BUILT_PRODUCTS_DIR; };
		63F3224F2AE29234004611F9 /* MoneyConversorUITests.swift */ = {isa = PBXFileReference; lastKnownFileType = sourcecode.swift; path = MoneyConversorUITests.swift; sourceTree = "<group>"; };
		63F322512AE29234004611F9 /* MoneyConversorUITestsLaunchTests.swift */ = {isa = PBXFileReference; lastKnownFileType = sourcecode.swift; path = MoneyConversorUITestsLaunchTests.swift; sourceTree = "<group>"; };
		63F3225E2AE2926E004611F9 /* NoteModel.swift */ = {isa = PBXFileReference; lastKnownFileType = sourcecode.swift; path = NoteModel.swift; sourceTree = "<group>"; };
		63F322602AE2927F004611F9 /* NoteViewModel.swift */ = {isa = PBXFileReference; lastKnownFileType = sourcecode.swift; path = NoteViewModel.swift; sourceTree = "<group>"; };
/* End PBXFileReference section */

/* Begin PBXFrameworksBuildPhase section */
		63F3222E2AE29233004611F9 /* Frameworks */ = {
			isa = PBXFrameworksBuildPhase;
			buildActionMask = 2147483647;
			files = (
			);
			runOnlyForDeploymentPostprocessing = 0;
		};
		63F3223E2AE29234004611F9 /* Frameworks */ = {
			isa = PBXFrameworksBuildPhase;
			buildActionMask = 2147483647;
			files = (
			);
			runOnlyForDeploymentPostprocessing = 0;
		};
		63F322482AE29234004611F9 /* Frameworks */ = {
			isa = PBXFrameworksBuildPhase;
			buildActionMask = 2147483647;
			files = (
			);
			runOnlyForDeploymentPostprocessing = 0;
		};
/* End PBXFrameworksBuildPhase section */

/* Begin PBXGroup section */
		63F322282AE29233004611F9 = {
			isa = PBXGroup;
			children = (
				63F322332AE29233004611F9 /* MoneyConversor */,
				63F322442AE29234004611F9 /* MoneyConversorTests */,
				63F3224E2AE29234004611F9 /* MoneyConversorUITests */,
				63F322322AE29233004611F9 /* Products */,
			);
			sourceTree = "<group>";
		};
		63F322322AE29233004611F9 /* Products */ = {
			isa = PBXGroup;
			children = (
				63F322312AE29233004611F9 /* MoneyConversor.app */,
				63F322412AE29234004611F9 /* MoneyConversorTests.xctest */,
				63F3224B2AE29234004611F9 /* MoneyConversorUITests.xctest */,
			);
			name = Products;
			sourceTree = "<group>";
		};
		63F322332AE29233004611F9 /* MoneyConversor */ = {
			isa = PBXGroup;
			children = (
				63F322342AE29233004611F9 /* MoneyConversorApp.swift */,
				63F322362AE29233004611F9 /* ContentView.swift */,
				63F322602AE2927F004611F9 /* NoteViewModel.swift */,
				63F3225E2AE2926E004611F9 /* NoteModel.swift */,
				63F322382AE29234004611F9 /* Assets.xcassets */,
				63F3223A2AE29234004611F9 /* Preview Content */,
			);
			path = MoneyConversor;
			sourceTree = "<group>";
		};
		63F3223A2AE29234004611F9 /* Preview Content */ = {
			isa = PBXGroup;
			children = (
				63F3223B2AE29234004611F9 /* Preview Assets.xcassets */,
			);
			path = "Preview Content";
			sourceTree = "<group>";
		};
		63F322442AE29234004611F9 /* MoneyConversorTests */ = {
			isa = PBXGroup;
			children = (
				63F322452AE29234004611F9 /* MoneyConversorTests.swift */,
			);
			path = MoneyConversorTests;
			sourceTree = "<group>";
		};
		63F3224E2AE29234004611F9 /* MoneyConversorUITests */ = {
			isa = PBXGroup;
			children = (
				63F3224F2AE29234004611F9 /* MoneyConversorUITests.swift */,
				63F322512AE29234004611F9 /* MoneyConversorUITestsLaunchTests.swift */,
			);
			path = MoneyConversorUITests;
			sourceTree = "<group>";
		};
/* End PBXGroup section */

/* Begin PBXNativeTarget section */
		63F322302AE29233004611F9 /* MoneyConversor */ = {
			isa = PBXNativeTarget;
			buildConfigurationList = 63F322552AE29234004611F9 /* Build configuration list for PBXNativeTarget "MoneyConversor" */;
			buildPhases = (
				63F3222D2AE29233004611F9 /* Sources */,
				63F3222E2AE29233004611F9 /* Frameworks */,
				63F3222F2AE29233004611F9 /* Resources */,
			);
			buildRules = (
			);
			dependencies = (
			);
			name = MoneyConversor;
			productName = MoneyConversor;
			productReference = 63F322312AE29233004611F9 /* MoneyConversor.app */;
			productType = "com.apple.product-type.application";
		};
		63F322402AE29234004611F9 /* MoneyConversorTests */ = {
			isa = PBXNativeTarget;
			buildConfigurationList = 63F322582AE29234004611F9 /* Build configuration list for PBXNativeTarget "MoneyConversorTests" */;
			buildPhases = (
				63F3223D2AE29234004611F9 /* Sources */,
				63F3223E2AE29234004611F9 /* Frameworks */,
				63F3223F2AE29234004611F9 /* Resources */,
			);
			buildRules = (
			);
			dependencies = (
				63F322432AE29234004611F9 /* PBXTargetDependency */,
			);
			name = MoneyConversorTests;
			productName = MoneyConversorTests;
			productReference = 63F322412AE29234004611F9 /* MoneyConversorTests.xctest */;
			productType = "com.apple.product-type.bundle.unit-test";
		};
		63F3224A2AE29234004611F9 /* MoneyConversorUITests */ = {
			isa = PBXNativeTarget;
			buildConfigurationList = 63F3225B2AE29234004611F9 /* Build configuration list for PBXNativeTarget "MoneyConversorUITests" */;
			buildPhases = (
				63F322472AE29234004611F9 /* Sources */,
				63F322482AE29234004611F9 /* Frameworks */,
				63F322492AE29234004611F9 /* Resources */,
			);
			buildRules = (
			);
			dependencies = (
				63F3224D2AE29234004611F9 /* PBXTargetDependency */,
			);
			name = MoneyConversorUITests;
			productName = MoneyConversorUITests;
			productReference = 63F3224B2AE29234004611F9 /* MoneyConversorUITests.xctest */;
			productType = "com.apple.product-type.bundle.ui-testing";
		};
/* End PBXNativeTarget section */

/* Begin PBXProject section */
		63F322292AE29233004611F9 /* Project object */ = {
			isa = PBXProject;
			attributes = {
				BuildIndependentTargetsInParallel = 1;
				LastSwiftUpdateCheck = 1500;
				LastUpgradeCheck = 1500;
				TargetAttributes = {
					63F322302AE29233004611F9 = {
						CreatedOnToolsVersion = 15.0;
					};
					63F322402AE29234004611F9 = {
						CreatedOnToolsVersion = 15.0;
						TestTargetID = 63F322302AE29233004611F9;
					};
					63F3224A2AE29234004611F9 = {
						CreatedOnToolsVersion = 15.0;
						TestTargetID = 63F322302AE29233004611F9;
					};
				};
			};
			buildConfigurationList = 63F3222C2AE29233004611F9 /* Build configuration list for PBXProject "MoneyConversor" */;
			compatibilityVersion = "Xcode 14.0";
			developmentRegion = en;
			hasScannedForEncodings = 0;
			knownRegions = (
				en,
				Base,
			);
			mainGroup = 63F322282AE29233004611F9;
			productRefGroup = 63F322322AE29233004611F9 /* Products */;
			projectDirPath = "";
			projectRoot = "";
			targets = (
				63F322302AE29233004611F9 /* MoneyConversor */,
				63F322402AE29234004611F9 /* MoneyConversorTests */,
				63F3224A2AE29234004611F9 /* MoneyConversorUITests */,
			);
		};
/* End PBXProject section */

/* Begin PBXResourcesBuildPhase section */
		63F3222F2AE29233004611F9 /* Resources */ = {
			isa = PBXResourcesBuildPhase;
			buildActionMask = 2147483647;
			files = (
				63F3223C2AE29234004611F9 /* Preview Assets.xcassets in Resources */,
				63F322392AE29234004611F9 /* Assets.xcassets in Resources */,
			);
			runOnlyForDeploymentPostprocessing = 0;
		};
		63F3223F2AE29234004611F9 /* Resources */ = {
			isa = PBXResourcesBuildPhase;
			buildActionMask = 2147483647;
			files = (
			);
			runOnlyForDeploymentPostprocessing = 0;
		};
		63F322492AE29234004611F9 /* Resources */ = {
			isa = PBXResourcesBuildPhase;
			buildActionMask = 2147483647;
			files = (
			);
			runOnlyForDeploymentPostprocessing = 0;
		};
/* End PBXResourcesBuildPhase section */

/* Begin PBXSourcesBuildPhase section */
		63F3222D2AE29233004611F9 /* Sources */ = {
			isa = PBXSourcesBuildPhase;
			buildActionMask = 2147483647;
			files = (
				63F322612AE2927F004611F9 /* NoteViewModel.swift in Sources */,
				63F322372AE29233004611F9 /* ContentView.swift in Sources */,
				63F3225F2AE2926E004611F9 /* NoteModel.swift in Sources */,
				63F322352AE29233004611F9 /* MoneyConversorApp.swift in Sources */,
			);
			runOnlyForDeploymentPostprocessing = 0;
		};
		63F3223D2AE29234004611F9 /* Sources */ = {
			isa = PBXSourcesBuildPhase;
			buildActionMask = 2147483647;
			files = (
				63F322462AE29234004611F9 /* MoneyConversorTests.swift in Sources */,
			);
			runOnlyForDeploymentPostprocessing = 0;
		};
		63F322472AE29234004611F9 /* Sources */ = {
			isa = PBXSourcesBuildPhase;
			buildActionMask = 2147483647;
			files = (
				63F322502AE29234004611F9 /* MoneyConversorUITests.swift in Sources */,
				63F322522AE29234004611F9 /* MoneyConversorUITestsLaunchTests.swift in Sources */,
			);
			runOnlyForDeploymentPostprocessing = 0;
		};
/* End PBXSourcesBuildPhase section */

/* Begin PBXTargetDependency section */
		63F322432AE29234004611F9 /* PBXTargetDependency */ = {
			isa = PBXTargetDependency;
			target = 63F322302AE29233004611F9 /* MoneyConversor */;
			targetProxy = 63F322422AE29234004611F9 /* PBXContainerItemProxy */;
		};
		63F3224D2AE29234004611F9 /* PBXTargetDependency */ = {
			isa = PBXTargetDependency;
			target = 63F322302AE29233004611F9 /* MoneyConversor */;
			targetProxy = 63F3224C2AE29234004611F9 /* PBXContainerItemProxy */;
		};
/* End PBXTargetDependency section */

/* Begin XCBuildConfiguration section */
		63F322532AE29234004611F9 /* Debug */ = {
			isa = XCBuildConfiguration;
			buildSettings = {
				ALWAYS_SEARCH_USER_PATHS = NO;
				ASSETCATALOG_COMPILER_GENERATE_SWIFT_ASSET_SYMBOL_EXTENSIONS = YES;
				CLANG_ANALYZER_NONNULL = YES;
				CLANG_ANALYZER_NUMBER_OBJECT_CONVERSION = YES_AGGRESSIVE;
				CLANG_CXX_LANGUAGE_STANDARD = "gnu++20";
				CLANG_ENABLE_MODULES = YES;
				CLANG_ENABLE_OBJC_ARC = YES;
				CLANG_ENABLE_OBJC_WEAK = YES;
				CLANG_WARN_BLOCK_CAPTURE_AUTORELEASING = YES;
				CLANG_WARN_BOOL_CONVERSION = YES;
				CLANG_WARN_COMMA = YES;
				CLANG_WARN_CONSTANT_CONVERSION = YES;
				CLANG_WARN_DEPRECATED_OBJC_IMPLEMENTATIONS = YES;
				CLANG_WARN_DIRECT_OBJC_ISA_USAGE = YES_ERROR;
				CLANG_WARN_DOCUMENTATION_COMMENTS = YES;
				CLANG_WARN_EMPTY_BODY = YES;
				CLANG_WARN_ENUM_CONVERSION = YES;
				CLANG_WARN_INFINITE_RECURSION = YES;
				CLANG_WARN_INT_CONVERSION = YES;
				CLANG_WARN_NON_LITERAL_NULL_CONVERSION = YES;
				CLANG_WARN_OBJC_IMPLICIT_RETAIN_SELF = YES;
				CLANG_WARN_OBJC_LITERAL_CONVERSION = YES;
				CLANG_WARN_OBJC_ROOT_CLASS = YES_ERROR;
				CLANG_WARN_QUOTED_INCLUDE_IN_FRAMEWORK_HEADER = YES;
				CLANG_WARN_RANGE_LOOP_ANALYSIS = YES;
				CLANG_WARN_STRICT_PROTOTYPES = YES;
				CLANG_WARN_SUSPICIOUS_MOVE = YES;
				CLANG_WARN_UNGUARDED_AVAILABILITY = YES_AGGRESSIVE;
				CLANG_WARN_UNREACHABLE_CODE = YES;
				CLANG_WARN__DUPLICATE_METHOD_MATCH = YES;
				COPY_PHASE_STRIP = NO;
				DEBUG_INFORMATION_FORMAT = dwarf;
				ENABLE_STRICT_OBJC_MSGSEND = YES;
				ENABLE_TESTABILITY = YES;
				ENABLE_USER_SCRIPT_SANDBOXING = YES;
				GCC_C_LANGUAGE_STANDARD = gnu17;
				GCC_DYNAMIC_NO_PIC = NO;
				GCC_NO_COMMON_BLOCKS = YES;
				GCC_OPTIMIZATION_LEVEL = 0;
				GCC_PREPROCESSOR_DEFINITIONS = (
					"DEBUG=1",
					"$(inherited)",
				);
				GCC_WARN_64_TO_32_BIT_CONVERSION = YES;
				GCC_WARN_ABOUT_RETURN_TYPE = YES_ERROR;
				GCC_WARN_UNDECLARED_SELECTOR = YES;
				GCC_WARN_UNINITIALIZED_AUTOS = YES_AGGRESSIVE;
				GCC_WARN_UNUSED_FUNCTION = YES;
				GCC_WARN_UNUSED_VARIABLE = YES;
				IPHONEOS_DEPLOYMENT_TARGET = 17.0;
				LOCALIZATION_PREFERS_STRING_CATALOGS = YES;
				MTL_ENABLE_DEBUG_INFO = INCLUDE_SOURCE;
				MTL_FAST_MATH = YES;
				ONLY_ACTIVE_ARCH = YES;
				SDKROOT = iphoneos;
				SWIFT_ACTIVE_COMPILATION_CONDITIONS = "DEBUG $(inherited)";
				SWIFT_OPTIMIZATION_LEVEL = "-Onone";
			};
			name = Debug;
		};
		63F322542AE29234004611F9 /* Release */ = {
			isa = XCBuildConfiguration;
			buildSettings = {
				ALWAYS_SEARCH_USER_PATHS = NO;
				ASSETCATALOG_COMPILER_GENERATE_SWIFT_ASSET_SYMBOL_EXTENSIONS = YES;
				CLANG_ANALYZER_NONNULL = YES;
				CLANG_ANALYZER_NUMBER_OBJECT_CONVERSION = YES_AGGRESSIVE;
				CLANG_CXX_LANGUAGE_STANDARD = "gnu++20";
				CLANG_ENABLE_MODULES = YES;
				CLANG_ENABLE_OBJC_ARC = YES;
				CLANG_ENABLE_OBJC_WEAK = YES;
				CLANG_WARN_BLOCK_CAPTURE_AUTORELEASING = YES;
				CLANG_WARN_BOOL_CONVERSION = YES;
				CLANG_WARN_COMMA = YES;
				CLANG_WARN_CONSTANT_CONVERSION = YES;
				CLANG_WARN_DEPRECATED_OBJC_IMPLEMENTATIONS = YES;
				CLANG_WARN_DIRECT_OBJC_ISA_USAGE = YES_ERROR;
				CLANG_WARN_DOCUMENTATION_COMMENTS = YES;
				CLANG_WARN_EMPTY_BODY = YES;
				CLANG_WARN_ENUM_CONVERSION = YES;
				CLANG_WARN_INFINITE_RECURSION = YES;
				CLANG_WARN_INT_CONVERSION = YES;
				CLANG_WARN_NON_LITERAL_NULL_CONVERSION = YES;
				CLANG_WARN_OBJC_IMPLICIT_RETAIN_SELF = YES;
				CLANG_WARN_OBJC_LITERAL_CONVERSION = YES;
				CLANG_WARN_OBJC_ROOT_CLASS = YES_ERROR;
				CLANG_WARN_QUOTED_INCLUDE_IN_FRAMEWORK_HEADER = YES;
				CLANG_WARN_RANGE_LOOP_ANALYSIS = YES;
				CLANG_WARN_STRICT_PROTOTYPES = YES;
				CLANG_WARN_SUSPICIOUS_MOVE = YES;
				CLANG_WARN_UNGUARDED_AVAILABILITY = YES_AGGRESSIVE;
				CLANG_WARN_UNREACHABLE_CODE = YES;
				CLANG_WARN__DUPLICATE_METHOD_MATCH = YES;
				COPY_PHASE_STRIP = NO;
				DEBUG_INFORMATION_FORMAT = "dwarf-with-dsym";
				ENABLE_NS_ASSERTIONS = NO;
				ENABLE_STRICT_OBJC_MSGSEND = YES;
				ENABLE_USER_SCRIPT_SANDBOXING = YES;
				GCC_C_LANGUAGE_STANDARD = gnu17;
				GCC_NO_COMMON_BLOCKS = YES;
				GCC_WARN_64_TO_32_BIT_CONVERSION = YES;
				GCC_WARN_ABOUT_RETURN_TYPE = YES_ERROR;
				GCC_WARN_UNDECLARED_SELECTOR = YES;
				GCC_WARN_UNINITIALIZED_AUTOS = YES_AGGRESSIVE;
				GCC_WARN_UNUSED_FUNCTION = YES;
				GCC_WARN_UNUSED_VARIABLE = YES;
				IPHONEOS_DEPLOYMENT_TARGET = 17.0;
				LOCALIZATION_PREFERS_STRING_CATALOGS = YES;
				MTL_ENABLE_DEBUG_INFO = NO;
				MTL_FAST_MATH = YES;
				SDKROOT = iphoneos;
				SWIFT_COMPILATION_MODE = wholemodule;
				VALIDATE_PRODUCT = YES;
			};
			name = Release;
		};
		63F322562AE29234004611F9 /* Debug */ = {
			isa = XCBuildConfiguration;
			buildSettings = {
				ASSETCATALOG_COMPILER_APPICON_NAME = AppIcon;
				ASSETCATALOG_COMPILER_GLOBAL_ACCENT_COLOR_NAME = AccentColor;
				CODE_SIGN_STYLE = Automatic;
				CURRENT_PROJECT_VERSION = 1;
				DEVELOPMENT_ASSET_PATHS = "\"MoneyConversor/Preview Content\"";
				ENABLE_PREVIEWS = YES;
				GENERATE_INFOPLIST_FILE = YES;
				INFOPLIST_KEY_UIApplicationSceneManifest_Generation = YES;
				INFOPLIST_KEY_UIApplicationSupportsIndirectInputEvents = YES;
				INFOPLIST_KEY_UILaunchScreen_Generation = YES;
				INFOPLIST_KEY_UISupportedInterfaceOrientations_iPad = "UIInterfaceOrientationPortrait UIInterfaceOrientationPortraitUpsideDown UIInterfaceOrientationLandscapeLeft UIInterfaceOrientationLandscapeRight";
				INFOPLIST_KEY_UISupportedInterfaceOrientations_iPhone = "UIInterfaceOrientationPortrait UIInterfaceOrientationLandscapeLeft UIInterfaceOrientationLandscapeRight";
				LD_RUNPATH_SEARCH_PATHS = (
					"$(inherited)",
					"@executable_path/Frameworks",
				);
				MARKETING_VERSION = 1.0;
				PRODUCT_BUNDLE_IDENTIFIER = "es.usal.smalvaro-usal.es.MoneyConversor";
				PRODUCT_NAME = "$(TARGET_NAME)";
				SWIFT_EMIT_LOC_STRINGS = YES;
				SWIFT_VERSION = 5.0;
				TARGETED_DEVICE_FAMILY = "1,2";
			};
			name = Debug;
		};
		63F322572AE29234004611F9 /* Release */ = {
			isa = XCBuildConfiguration;
			buildSettings = {
				ASSETCATALOG_COMPILER_APPICON_NAME = AppIcon;
				ASSETCATALOG_COMPILER_GLOBAL_ACCENT_COLOR_NAME = AccentColor;
				CODE_SIGN_STYLE = Automatic;
				CURRENT_PROJECT_VERSION = 1;
				DEVELOPMENT_ASSET_PATHS = "\"MoneyConversor/Preview Content\"";
				ENABLE_PREVIEWS = YES;
				GENERATE_INFOPLIST_FILE = YES;
				INFOPLIST_KEY_UIApplicationSceneManifest_Generation = YES;
				INFOPLIST_KEY_UIApplicationSupportsIndirectInputEvents = YES;
				INFOPLIST_KEY_UILaunchScreen_Generation = YES;
				INFOPLIST_KEY_UISupportedInterfaceOrientations_iPad = "UIInterfaceOrientationPortrait UIInterfaceOrientationPortraitUpsideDown UIInterfaceOrientationLandscapeLeft UIInterfaceOrientationLandscapeRight";
				INFOPLIST_KEY_UISupportedInterfaceOrientations_iPhone = "UIInterfaceOrientationPortrait UIInterfaceOrientationLandscapeLeft UIInterfaceOrientationLandscapeRight";
				LD_RUNPATH_SEARCH_PATHS = (
					"$(inherited)",
					"@executable_path/Frameworks",
				);
				MARKETING_VERSION = 1.0;
				PRODUCT_BUNDLE_IDENTIFIER = "es.usal.smalvaro-usal.es.MoneyConversor";
				PRODUCT_NAME = "$(TARGET_NAME)";
				SWIFT_EMIT_LOC_STRINGS = YES;
				SWIFT_VERSION = 5.0;
				TARGETED_DEVICE_FAMILY = "1,2";
			};
			name = Release;
		};
		63F322592AE29234004611F9 /* Debug */ = {
			isa = XCBuildConfiguration;
			buildSettings = {
				ALWAYS_EMBED_SWIFT_STANDARD_LIBRARIES = YES;
				BUNDLE_LOADER = "$(TEST_HOST)";
				CODE_SIGN_STYLE = Automatic;
				CURRENT_PROJECT_VERSION = 1;
				GENERATE_INFOPLIST_FILE = YES;
				IPHONEOS_DEPLOYMENT_TARGET = 17.0;
				MARKETING_VERSION = 1.0;
				PRODUCT_BUNDLE_IDENTIFIER = "es.usal.smalvaro-usal.es.MoneyConversorTests";
				PRODUCT_NAME = "$(TARGET_NAME)";
				SWIFT_EMIT_LOC_STRINGS = NO;
				SWIFT_VERSION = 5.0;
				TARGETED_DEVICE_FAMILY = "1,2";
				TEST_HOST = "$(BUILT_PRODUCTS_DIR)/MoneyConversor.app/$(BUNDLE_EXECUTABLE_FOLDER_PATH)/MoneyConversor";
			};
			name = Debug;
		};
		63F3225A2AE29234004611F9 /* Release */ = {
			isa = XCBuildConfiguration;
			buildSettings = {
				ALWAYS_EMBED_SWIFT_STANDARD_LIBRARIES = YES;
				BUNDLE_LOADER = "$(TEST_HOST)";
				CODE_SIGN_STYLE = Automatic;
				CURRENT_PROJECT_VERSION = 1;
				GENERATE_INFOPLIST_FILE = YES;
				IPHONEOS_DEPLOYMENT_TARGET = 17.0;
				MARKETING_VERSION = 1.0;
				PRODUCT_BUNDLE_IDENTIFIER = "es.usal.smalvaro-usal.es.MoneyConversorTests";
				PRODUCT_NAME = "$(TARGET_NAME)";
				SWIFT_EMIT_LOC_STRINGS = NO;
				SWIFT_VERSION = 5.0;
				TARGETED_DEVICE_FAMILY = "1,2";
				TEST_HOST = "$(BUILT_PRODUCTS_DIR)/MoneyConversor.app/$(BUNDLE_EXECUTABLE_FOLDER_PATH)/MoneyConversor";
			};
			name = Release;
		};
		63F3225C2AE29234004611F9 /* Debug */ = {
			isa = XCBuildConfiguration;
			buildSettings = {
				ALWAYS_EMBED_SWIFT_STANDARD_LIBRARIES = YES;
				CODE_SIGN_STYLE = Automatic;
				CURRENT_PROJECT_VERSION = 1;
				GENERATE_INFOPLIST_FILE = YES;
				MARKETING_VERSION = 1.0;
				PRODUCT_BUNDLE_IDENTIFIER = "es.usal.smalvaro-usal.es.MoneyConversorUITests";
				PRODUCT_NAME = "$(TARGET_NAME)";
				SWIFT_EMIT_LOC_STRINGS = NO;
				SWIFT_VERSION = 5.0;
				TARGETED_DEVICE_FAMILY = "1,2";
				TEST_TARGET_NAME = MoneyConversor;
			};
			name = Debug;
		};
		63F3225D2AE29234004611F9 /* Release */ = {
			isa = XCBuildConfiguration;
			buildSettings = {
				ALWAYS_EMBED_SWIFT_STANDARD_LIBRARIES = YES;
				CODE_SIGN_STYLE = Automatic;
				CURRENT_PROJECT_VERSION = 1;
				GENERATE_INFOPLIST_FILE = YES;
				MARKETING_VERSION = 1.0;
				PRODUCT_BUNDLE_IDENTIFIER = "es.usal.smalvaro-usal.es.MoneyConversorUITests";
				PRODUCT_NAME = "$(TARGET_NAME)";
				SWIFT_EMIT_LOC_STRINGS = NO;
				SWIFT_VERSION = 5.0;
				TARGETED_DEVICE_FAMILY = "1,2";
				TEST_TARGET_NAME = MoneyConversor;
			};
			name = Release;
		};
/* End XCBuildConfiguration section */

/* Begin XCConfigurationList section */
		63F3222C2AE29233004611F9 /* Build configuration list for PBXProject "MoneyConversor" */ = {
			isa = XCConfigurationList;
			buildConfigurations = (
				63F322532AE29234004611F9 /* Debug */,
				63F322542AE29234004611F9 /* Release */,
			);
			defaultConfigurationIsVisible = 0;
			defaultConfigurationName = Release;
		};
		63F322552AE29234004611F9 /* Build configuration list for PBXNativeTarget "MoneyConversor" */ = {
			isa = XCConfigurationList;
			buildConfigurations = (
				63F322562AE29234004611F9 /* Debug */,
				63F322572AE29234004611F9 /* Release */,
			);
			defaultConfigurationIsVisible = 0;
			defaultConfigurationName = Release;
		};
		63F322582AE29234004611F9 /* Build configuration list for PBXNativeTarget "MoneyConversorTests" */ = {
			isa = XCConfigurationList;
			buildConfigurations = (
				63F322592AE29234004611F9 /* Debug */,
				63F3225A2AE29234004611F9 /* Release */,
			);
			defaultConfigurationIsVisible = 0;
			defaultConfigurationName = Release;
		};
		63F3225B2AE29234004611F9 /* Build configuration list for PBXNativeTarget "MoneyConversorUITests" */ = {
			isa = XCConfigurationList;
			buildConfigurations = (
				63F3225C2AE29234004611F9 /* Debug */,
				63F3225D2AE29234004611F9 /* Release */,
			);
			defaultConfigurationIsVisible = 0;
			defaultConfigurationName = Release;
		};
/* End XCConfigurationList section */
	};
	rootObject = 63F322292AE29233004611F9 /* Project object */;
}
